{
  "name": "fjl-mutable",
  "version": "0.10.5",
  "lockfileVersion": 1,
  "requires": true,
  "dependencies": {
    "fjl": {
      "version": "0.17.10",
      "resolved": "https://registry.npmjs.org/fjl/-/fjl-0.17.10.tgz",
      "integrity": "sha512-LzTrcAUkKgAvrxN8i3qXqAa8yciGlMUc5t4NIpgCSqZYBaoGSNOriB1jAy7S2RWSCRMh4AV+AZT3e7Ei0y/j2A=="
    },
    "fjl-chai-helpers": {
      "version": "0.10.0",
      "resolved": "https://registry.npmjs.org/fjl-chai-helpers/-/fjl-chai-helpers-0.10.0.tgz",
      "integrity": "sha512-EQ5/Cfs3+D7nfBlVyxVwRjgC+m+KvnCx+KRznNzdvoXlglUzpv8SN/n5QoXgdRe843Co6GQm6cWWd16QUjCkiw==",
      "dev": true
    },
    "fjl-error-throwing": {
      "version": "0.5.1",
      "resolved": "https://registry.npmjs.org/fjl-error-throwing/-/fjl-error-throwing-0.5.1.tgz",
      "integrity": "sha512-CPhR6E26QeGuGcZFWX64dIGOUMJfl3Eex4qm6m7CgE8O5a5ncB63+mTwhbtHbAhtcKTrLAeZY0SjSPF8jUx90A==",
      "requires": {
        "fjl": "0.17.10"
      }
    }
  }
}
