{
  "name": "fjl-mutable",
  "version": "1.0.0",
  "lockfileVersion": 1,
  "requires": true,
  "dependencies": {
    "fjl": {
      "version": "0.17.7",
      "resolved": "https://registry.npmjs.org/fjl/-/fjl-0.17.7.tgz",
      "integrity": "sha512-XLUzqnWViej/GPOX52GQbcKmdI+B9pCyAGa9TDR39kCTVBe4hJJmZxoKx9RCec/4buKxluU+VQajIJrx7p8AAQ=="
    },
    "fjl-error-throwing": {
      "version": "0.5.1",
      "resolved": "https://registry.npmjs.org/fjl-error-throwing/-/fjl-error-throwing-0.5.1.tgz",
      "integrity": "sha512-CPhR6E26QeGuGcZFWX64dIGOUMJfl3Eex4qm6m7CgE8O5a5ncB63+mTwhbtHbAhtcKTrLAeZY0SjSPF8jUx90A==",
      "requires": {
        "fjl": "0.17.7"
      }
    }
  }
}
